
Microsoft Visual Studio Solution File, Format Version 12.00
# Visual Studio 15
VisualStudioVersion = 15.0.27130.2036
MinimumVisualStudioVersion = 10.0.40219.1
Project("{FAE04EC0-301F-11D3-BF4B-00C04F79EFBC}") = "pz5", "pz5\pz5.csproj", "{C4D0A0FC-88BF-45EB-9CDC-BFBB56A922B0}"
EndProject
Global
	GlobalSection(SolutionConfigurationPlatforms) = preSolution
		Debug|Any CPU = Debug|Any CPU
		Release|Any CPU = Release|Any CPU
	EndGlobalSection
	GlobalSection(ProjectConfigurationPlatforms) = postSolution
		{C4D0A0FC-88BF-45EB-9CDC-BFBB56A922B0}.Debug|Any CPU.ActiveCfg = Debug|Any CPU
		{C4D0A0FC-88BF-45EB-9CDC-BFBB56A922B0}.Debug|Any CPU.Build.0 = Debug|Any CPU
		{C4D0A0FC-88BF-45EB-9CDC-BFBB56A922B0}.Release|Any CPU.ActiveCfg = Release|Any CPU
		{C4D0A0FC-88BF-45EB-9CDC-BFBB56A922B0}.Release|Any CPU.Build.0 = Release|Any CPU
	EndGlobalSection
	GlobalSection(SolutionProperties) = preSolution
		HideSolutionNode = FALSE
	EndGlobalSection
	GlobalSection(ExtensibilityGlobals) = postSolution
		SolutionGuid = {E116A976-30B5-480E-9E35-2F1D297D0443}
	EndGlobalSection
EndGlobal
